{
  "version": 4,
  "terraform_version": "1.6.5",
  "serial": 51,
  "lineage": "7d1880ef-00f0-6ea4-4d1a-706da8ea3a47",
  "outputs": {
    "FLUX_GITHUB_TARGET_PATH": {
      "value": "clusters",
      "type": "string"
    }
  },
  "resources": [
    {
      "module": "module.github_repository",
      "mode": "managed",
      "type": "github_repository",
      "name": "this",
      "provider": "module.github_repository.provider[\"registry.terraform.io/integrations/github\"]",
      "instances": [
        {
          "schema_version": 1,
          "attributes": {
            "allow_auto_merge": false,
            "allow_merge_commit": true,
            "allow_rebase_merge": true,
            "allow_squash_merge": true,
            "allow_update_branch": false,
            "archive_on_destroy": null,
            "archived": false,
            "auto_init": true,
            "default_branch": "main",
            "delete_branch_on_merge": false,
            "description": "",
            "etag": "W/\"20ab72fb3e7781da72921cc1fef55d7f67dc11c9010448bc12feba95b51a6791\"",
            "full_name": "vit-um/flux-gitops",
            "git_clone_url": "git://github.com/vit-um/flux-gitops.git",
            "gitignore_template": null,
            "has_discussions": false,
            "has_downloads": false,
            "has_issues": false,
            "has_projects": false,
            "has_wiki": false,
            "homepage_url": "",
            "html_url": "https://github.com/vit-um/flux-gitops",
            "http_clone_url": "https://github.com/vit-um/flux-gitops.git",
            "id": "flux-gitops",
            "ignore_vulnerability_alerts_during_read": null,
            "is_template": false,
            "license_template": null,
            "merge_commit_message": "PR_TITLE",
            "merge_commit_title": "MERGE_MESSAGE",
            "name": "flux-gitops",
            "node_id": "R_kgDOK60fow",
            "pages": [],
            "primary_language": "",
            "private": true,
            "repo_id": 732766115,
            "security_and_analysis": [],
            "squash_merge_commit_message": "COMMIT_MESSAGES",
            "squash_merge_commit_title": "COMMIT_OR_PR_TITLE",
            "ssh_clone_url": "git@github.com:vit-um/flux-gitops.git",
            "svn_url": "https://github.com/vit-um/flux-gitops",
            "template": [],
            "topics": [],
            "visibility": "private",
            "vulnerability_alerts": false
          },
          "sensitive_attributes": [],
          "private": "eyJzY2hlbWFfdmVyc2lvbiI6IjEifQ=="
        }
      ]
    },
    {
      "module": "module.github_repository",
      "mode": "managed",
      "type": "github_repository_deploy_key",
      "name": "this",
      "provider": "module.github_repository.provider[\"registry.terraform.io/integrations/github\"]",
      "instances": [
        {
          "schema_version": 0,
          "attributes": {
            "etag": "W/\"dfbe80761bde0ac58d9664d67b457ebf4011be48d9af5d2d8501b08aefd08b18\"",
            "id": "flux-gitops:92110581",
            "key": "ssh-rsa AAAAB3NzaC1yc2EAAAADAQABAAABAQDdLc1pUJ7V9tCRzUtLuN9we6HAfJBvXVzjeSGhcRtZpobVUx+d2sPnWFfjM/PCuz0ETfqgEuIV720EV9g2TlgvGoctM+iEi3VPmP1PrcHOSjT3sjjf0+mXfGNZGmWjrvY7iFWXOl1tueLSMyxeNSUaJLcSlXlF1oGac+2YP4NCzorj8jeZFhCSxxERagLVEI/3xo3/hAyRn5pw5cprfrIdDUzV0LUCOcuzRtpYBeCANrZMDt2M2iAiK8F9X0yXa6sn2HDHKnTOFzQaZlx5aaUxEDZRIl6ibls7FcKZRl2+l7nyGs5wRB/kiNCDR79xN7mCj8HeFtkMq1i9FvM5mAel",
            "read_only": false,
            "repository": "flux-gitops",
            "title": "flux0"
          },
          "sensitive_attributes": [
            [
              {
                "type": "get_attr",
                "value": "key"
              }
            ]
          ],
          "private": "bnVsbA==",
          "dependencies": [
            "module.github_repository.github_repository.this",
            "module.tls_private_key.tls_private_key.this"
          ]
        }
      ]
    },
    {
      "module": "module.gke_cluster",
      "mode": "data",
      "type": "google_client_config",
      "name": "current",
      "provider": "module.gke_cluster.provider[\"registry.terraform.io/hashicorp/google\"]",
      "instances": [
        {
          "schema_version": 0,
          "attributes": {
            "access_token": "ya29.a0AfB_byD5XBRfwhfkefzmqLVOMVd6T662bpJaatf9ems9oBQKE_2ZskyWxYCZxUSM_JbgxZvDZtPIF8sGWYUzX98Zc_3We62R2t82FPuGujd5lPWDueoJ9TnrImE9FTgM4U3UoIiKj0iHz1seC4KrknHbqFMBVOwCsOpp4sRLg8rpeGNUlcNmrNI6RSAYeKPzM0VqcExRTGYVwClFwxk8CPUBZwzcYqaJA702rty-ug4gLxthgCUljnHOUuki_qzQ3Kg2P_aQKQ_Gypt-gUne1WAiqA3VeEX1P1yRgfzufXL2KR1JTG36a87Fce5o5FAqxglm3OVa5-bxv3b8zhqESO-VEaJcmWKDh3LYQK_uMRiS0njSgpDXm07SDSNtE3cFzHZ2A0AQbJBNQYVA_Y7bWn29zGYQedWoaCgYKAXQSARISFQHGX2Mie0TujnsgnzFHRctS812juA0423",
            "id": "projects/vit-um/regions/us-central1-c/zones/",
            "project": "vit-um",
            "region": "us-central1-c",
            "zone": ""
          },
          "sensitive_attributes": []
        }
      ]
    },
    {
      "module": "module.gke_cluster",
      "mode": "data",
      "type": "google_container_cluster",
      "name": "main",
      "provider": "module.gke_cluster.provider[\"registry.terraform.io/hashicorp/google\"]",
      "instances": [
        {
          "schema_version": 0,
          "attributes": {
            "addons_config": [
              {
                "cloudrun_config": [],
                "config_connector_config": [],
                "dns_cache_config": [],
                "gce_persistent_disk_csi_driver_config": [
                  {
                    "enabled": true
                  }
                ],
                "gcp_filestore_csi_driver_config": [],
                "gke_backup_agent_config": [],
                "horizontal_pod_autoscaling": [],
                "http_load_balancing": [],
                "network_policy_config": [
                  {
                    "disabled": true
                  }
                ]
              }
            ],
            "authenticator_groups_config": [],
            "binary_authorization": [
              {
                "enabled": false,
                "evaluation_mode": ""
              }
            ],
            "cluster_autoscaling": [
              {
                "auto_provisioning_defaults": [],
                "enabled": false,
                "resource_limits": []
              }
            ],
            "cluster_ipv4_cidr": "10.0.0.0/14",
            "confidential_nodes": [],
            "cost_management_config": [],
            "database_encryption": [
              {
                "key_name": "",
                "state": "DECRYPTED"
              }
            ],
            "datapath_provider": "",
            "default_max_pods_per_node": null,
            "default_snat_status": [
              {
                "disabled": false
              }
            ],
            "description": "",
            "dns_config": [],
            "enable_autopilot": false,
            "enable_binary_authorization": false,
            "enable_intranode_visibility": false,
            "enable_kubernetes_alpha": false,
            "enable_l4_ilb_subsetting": false,
            "enable_legacy_abac": false,
            "enable_shielded_nodes": true,
            "enable_tpu": false,
            "endpoint": "34.173.165.219",
            "gateway_api_config": [],
            "id": "projects/vit-um/locations/us-central1-c/clusters/main",
            "initial_node_count": 1,
            "ip_allocation_policy": [],
            "label_fingerprint": "a9dc16a7",
            "location": "us-central1-c",
            "logging_config": [
              {
                "enable_components": [
                  "SYSTEM_COMPONENTS",
                  "WORKLOADS"
                ]
              }
            ],
            "logging_service": "logging.googleapis.com/kubernetes",
            "maintenance_policy": [],
            "master_auth": [
              {
                "client_certificate": "",
                "client_certificate_config": [
                  {
                    "issue_client_certificate": false
                  }
                ],
                "client_key": "",
                "cluster_ca_certificate": "LS0tLS1CRUdJTiBDRVJUSUZJQ0FURS0tLS0tCk1JSUVMRENDQXBTZ0F3SUJBZ0lRYTZtV0FIaXNsZGtHcSt0NE5NYTN5VEFOQmdrcWhraUc5dzBCQVFzRkFEQXYKTVMwd0t3WURWUVFERXlSak56WmxNR00xTVMxaFpUUTFMVFJpWm1VdFlUWm1PQzAzT1dFNU5UQXpaak5oWkdVdwpJQmNOTWpNeE1qRTNNVGMxTnpJeFdoZ1BNakExTXpFeU1Ea3hPRFUzTWpGYU1DOHhMVEFyQmdOVkJBTVRKR00zCk5tVXdZelV4TFdGbE5EVXROR0ptWlMxaE5tWTRMVGM1WVRrMU1ETm1NMkZrWlRDQ0FhSXdEUVlKS29aSWh2Y04KQVFFQkJRQURnZ0dQQURDQ0FZb0NnZ0dCQU5mRWhMZG40UGUyanAyOWVDcXJrSGJ2Y0lKdzBmWUJnQ1kxL3BKeApVcUNES3pLaVBGaGxqQTRUUzBsZ0F2SmhHTUZUS1lWa2NsTUNkY1Yxb09lbUtIMkNWelhnN1hyNjFtOE12NXQ1CmdZbVBNQXJRZFl1Z1BVRlNtY0U5b0pCdCtiN1I4dHJGaVgrYzh1d3p3ZUJwdHJ6YUJxTU1YV0xjYzhncEhwTlcKYXZYZytGYlJQMUp4V1hvTGlKSlZjZjZhREw5ZWR2Z01qSnh4VnBwTjZJWGZ5T3pMbUh5VmRPaXZhQW0rS3Q0awpnQ1NVZy9hbGtoSk1KME9iUjJyRW5iTmhONTBOZEJ4cnowUTN4N3JRM1dmd2lSc2RjV2Q4ZWtzTXJvci9VNzJIClRYazdON2ZMRk51NEI3WWRKMVFUajFQbUU2SWlKRkpkNzkzQWJwNTJtYjBtMTBKK1JKWGJicjlxMk9UQnEyelAKK2hVcUs0NzVNY2FCK3JoMnNpQnRZRVJXN29RSW1rc2RJUHhYR0tsajl0eW50LzlWcnVPaTJVWGFtcm1IdU4yTQphU2VDRmI1UEZTdWNMUU5NV0RSMGhKd1FlSmtocjdtd0ZKYjBTRXVQR096YmszMUhkTnQwYUhTRFdCZGtxcE9kCndnOHJGbnM4anlzY2FXTEk1K0lDTCt3ZjhRSURBUUFCbzBJd1FEQU9CZ05WSFE4QkFmOEVCQU1DQWdRd0R3WUQKVlIwVEFRSC9CQVV3QXdFQi96QWRCZ05WSFE0RUZnUVVJbWVSN2swN3RBUjgvWUUzTDFqeENPc3d2Z3N3RFFZSgpLb1pJaHZjTkFRRUxCUUFEZ2dHQkFBYzREU2JObVN0WEJaMVh6alJCd3Y3ZENoN3ZZK3B2VlVhMmlka2NoME9WCnZXVGR3aTNydUMyaUJWUDZBZWxHSk1keU5GVW4rWEdnNlYrNldrb1EvcVB1aGJjRWZKM3NkVUhrUHdwYkloRisKRWlaL0xselV0K0MrV1VXNjBOOHU0Qkp6TUU2MHYva2VRMG03ZFMveG1JOERzQmxGYzBnWW9wNDF5K0JKWmFDWgpSdFBiTnV4NWdkaGE5YllnZmR4MmdET1A1eW5NZ0JYN0NYYnlFMGRZclJlaGMvMEgzRGczM0U0em1VNDRXOWl6CmI0akp3N0U4NVlncENNYVVFRHpUWmlGek9LNUQwNUFCd2NjZXNYMUZlLzBNYVRKbHlDTy9qeFZUQzVxQitSbUIKOXM2R3lwTmpmWHF3Z21sZm5CWmM0c3dkOWt5cjNzdldxRGFBcS9kcXQrZFZabzhIN08vUFVYR2dDMmF0WU5WeAp1bmZBMW5QWE5raHdPdWhOcVRHeG0zSEtwM0JuZHFpTXhlam4xRHhvWjFSZVFlTFBlU0VZSzBsdUJmdmE3NkZWClcvK0lKcStNaDRaRVpnZ05XRG5FRjJ0WnZFVVJpcGloUVdqWmsrUk9nTU8vZVlVNFA1UnRLRU5xM3A4LzdBT0EKem0zN1VnU0JSTnY2MW9KSEg3ZFlMZz09Ci0tLS0tRU5EIENFUlRJRklDQVRFLS0tLS0K"
              }
            ],
            "master_authorized_networks_config": [],
            "master_version": "1.27.3-gke.100",
            "mesh_certificates": [],
            "min_master_version": null,
            "monitoring_config": [
              {
                "enable_components": [
                  "SYSTEM_COMPONENTS"
                ],
                "managed_prometheus": [
                  {
                    "enabled": true
                  }
                ]
              }
            ],
            "monitoring_service": "monitoring.googleapis.com/kubernetes",
            "name": "main",
            "network": "projects/vit-um/global/networks/default",
            "network_policy": [
              {
                "enabled": false,
                "provider": "PROVIDER_UNSPECIFIED"
              }
            ],
            "networking_mode": "ROUTES",
            "node_config": [
              {
                "boot_disk_kms_key": "",
                "disk_size_gb": 100,
                "disk_type": "pd-balanced",
                "gcfs_config": [],
                "guest_accelerator": [],
                "gvnic": [],
                "image_type": "COS_CONTAINERD",
                "kubelet_config": [],
                "labels": {},
                "linux_node_config": [],
                "local_ssd_count": 0,
                "logging_variant": "DEFAULT",
                "machine_type": "g1-small",
                "metadata": {
                  "disable-legacy-endpoints": "true"
                },
                "min_cpu_platform": "",
                "node_group": "",
                "oauth_scopes": [
                  "https://www.googleapis.com/auth/devstorage.read_only",
                  "https://www.googleapis.com/auth/logging.write",
                  "https://www.googleapis.com/auth/monitoring",
                  "https://www.googleapis.com/auth/service.management.readonly",
                  "https://www.googleapis.com/auth/servicecontrol",
                  "https://www.googleapis.com/auth/trace.append"
                ],
                "preemptible": false,
                "reservation_affinity": [],
                "resource_labels": {},
                "service_account": "default",
                "shielded_instance_config": [
                  {
                    "enable_integrity_monitoring": true,
                    "enable_secure_boot": false
                  }
                ],
                "spot": false,
                "tags": [],
                "taint": [],
                "workload_metadata_config": [
                  {
                    "mode": "GKE_METADATA"
                  }
                ]
              }
            ],
            "node_locations": [],
            "node_pool": [
              {
                "autoscaling": [],
                "initial_node_count": 1,
                "instance_group_urls": [
                  "https://www.googleapis.com/compute/v1/projects/vit-um/zones/us-central1-c/instanceGroupManagers/gke-main-main-372f7824-grp"
                ],
                "managed_instance_group_urls": [
                  "https://www.googleapis.com/compute/v1/projects/vit-um/zones/us-central1-c/instanceGroups/gke-main-main-372f7824-grp"
                ],
                "management": [
                  {
                    "auto_repair": true,
                    "auto_upgrade": true
                  }
                ],
                "max_pods_per_node": 0,
                "name": "main",
                "name_prefix": "",
                "network_config": [
                  {
                    "create_pod_range": false,
                    "enable_private_nodes": false,
                    "pod_ipv4_cidr_block": "",
                    "pod_range": ""
                  }
                ],
                "node_config": [
                  {
                    "boot_disk_kms_key": "",
                    "disk_size_gb": 100,
                    "disk_type": "pd-balanced",
                    "gcfs_config": [],
                    "guest_accelerator": [],
                    "gvnic": [],
                    "image_type": "COS_CONTAINERD",
                    "kubelet_config": [],
                    "labels": {},
                    "linux_node_config": [],
                    "local_ssd_count": 0,
                    "logging_variant": "DEFAULT",
                    "machine_type": "g1-small",
                    "metadata": {
                      "disable-legacy-endpoints": "true"
                    },
                    "min_cpu_platform": "",
                    "node_group": "",
                    "oauth_scopes": [
                      "https://www.googleapis.com/auth/devstorage.read_only",
                      "https://www.googleapis.com/auth/logging.write",
                      "https://www.googleapis.com/auth/monitoring",
                      "https://www.googleapis.com/auth/service.management.readonly",
                      "https://www.googleapis.com/auth/servicecontrol",
                      "https://www.googleapis.com/auth/trace.append"
                    ],
                    "preemptible": false,
                    "reservation_affinity": [],
                    "resource_labels": {},
                    "service_account": "default",
                    "shielded_instance_config": [
                      {
                        "enable_integrity_monitoring": true,
                        "enable_secure_boot": false
                      }
                    ],
                    "spot": false,
                    "tags": [],
                    "taint": [],
                    "workload_metadata_config": [
                      {
                        "mode": "GKE_METADATA"
                      }
                    ]
                  }
                ],
                "node_count": 1,
                "node_locations": [
                  "us-central1-c"
                ],
                "placement_policy": [],
                "upgrade_settings": [
                  {
                    "blue_green_settings": [],
                    "max_surge": 1,
                    "max_unavailable": 0,
                    "strategy": "SURGE"
                  }
                ],
                "version": "1.27.3-gke.100"
              }
            ],
            "node_pool_defaults": [
              {
                "node_config_defaults": [
                  {
                    "logging_variant": "DEFAULT"
                  }
                ]
              }
            ],
            "node_version": "1.27.3-gke.100",
            "notification_config": [
              {
                "pubsub": [
                  {
                    "enabled": false,
                    "filter": [],
                    "topic": ""
                  }
                ]
              }
            ],
            "operation": null,
            "private_cluster_config": [
              {
                "enable_private_endpoint": false,
                "enable_private_nodes": false,
                "master_global_access_config": [
                  {
                    "enabled": false
                  }
                ],
                "master_ipv4_cidr_block": "",
                "peering_name": "",
                "private_endpoint": "10.128.0.19",
                "private_endpoint_subnetwork": "",
                "public_endpoint": "34.173.165.219"
              }
            ],
            "private_ipv6_google_access": "",
            "project": "vit-um",
            "release_channel": [
              {
                "channel": "REGULAR"
              }
            ],
            "remove_default_node_pool": null,
            "resource_labels": {},
            "resource_usage_export_config": [],
            "self_link": "https://container.googleapis.com/v1/projects/vit-um/zones/us-central1-c/clusters/main",
            "service_external_ips_config": [
              {
                "enabled": false
              }
            ],
            "services_ipv4_cidr": "10.3.240.0/20",
            "subnetwork": "projects/vit-um/regions/us-central1/subnetworks/default",
            "tpu_ipv4_cidr_block": "",
            "vertical_pod_autoscaling": [],
            "workload_identity_config": [
              {
                "workload_pool": "vit-um.svc.id.goog"
              }
            ]
          },
          "sensitive_attributes": []
        }
      ]
    },
    {
      "module": "module.gke_cluster",
      "mode": "managed",
      "type": "google_container_cluster",
      "name": "this",
      "provider": "module.gke_cluster.provider[\"registry.terraform.io/hashicorp/google\"]",
      "instances": [
        {
          "schema_version": 1,
          "attributes": {
            "addons_config": [
              {
                "cloudrun_config": [],
                "config_connector_config": [],
                "dns_cache_config": [],
                "gce_persistent_disk_csi_driver_config": [
                  {
                    "enabled": true
                  }
                ],
                "gcp_filestore_csi_driver_config": [],
                "gke_backup_agent_config": [],
                "horizontal_pod_autoscaling": [],
                "http_load_balancing": [],
                "network_policy_config": [
                  {
                    "disabled": true
                  }
                ]
              }
            ],
            "authenticator_groups_config": [],
            "binary_authorization": [
              {
                "enabled": false,
                "evaluation_mode": ""
              }
            ],
            "cluster_autoscaling": [
              {
                "auto_provisioning_defaults": [],
                "enabled": false,
                "resource_limits": []
              }
            ],
            "cluster_ipv4_cidr": "10.0.0.0/14",
            "confidential_nodes": [],
            "cost_management_config": [],
            "database_encryption": [
              {
                "key_name": "",
                "state": "DECRYPTED"
              }
            ],
            "datapath_provider": "",
            "default_max_pods_per_node": null,
            "default_snat_status": [
              {
                "disabled": false
              }
            ],
            "description": "",
            "dns_config": [],
            "enable_autopilot": false,
            "enable_binary_authorization": false,
            "enable_intranode_visibility": false,
            "enable_kubernetes_alpha": false,
            "enable_l4_ilb_subsetting": false,
            "enable_legacy_abac": false,
            "enable_shielded_nodes": true,
            "enable_tpu": false,
            "endpoint": "34.173.165.219",
            "gateway_api_config": [],
            "id": "projects/vit-um/locations/us-central1-c/clusters/main",
            "initial_node_count": 1,
            "ip_allocation_policy": [],
            "label_fingerprint": "a9dc16a7",
            "location": "us-central1-c",
            "logging_config": [
              {
                "enable_components": [
                  "SYSTEM_COMPONENTS",
                  "WORKLOADS"
                ]
              }
            ],
            "logging_service": "logging.googleapis.com/kubernetes",
            "maintenance_policy": [],
            "master_auth": [
              {
                "client_certificate": "",
                "client_certificate_config": [
                  {
                    "issue_client_certificate": false
                  }
                ],
                "client_key": "",
                "cluster_ca_certificate": "LS0tLS1CRUdJTiBDRVJUSUZJQ0FURS0tLS0tCk1JSUVMRENDQXBTZ0F3SUJBZ0lRYTZtV0FIaXNsZGtHcSt0NE5NYTN5VEFOQmdrcWhraUc5dzBCQVFzRkFEQXYKTVMwd0t3WURWUVFERXlSak56WmxNR00xTVMxaFpUUTFMVFJpWm1VdFlUWm1PQzAzT1dFNU5UQXpaak5oWkdVdwpJQmNOTWpNeE1qRTNNVGMxTnpJeFdoZ1BNakExTXpFeU1Ea3hPRFUzTWpGYU1DOHhMVEFyQmdOVkJBTVRKR00zCk5tVXdZelV4TFdGbE5EVXROR0ptWlMxaE5tWTRMVGM1WVRrMU1ETm1NMkZrWlRDQ0FhSXdEUVlKS29aSWh2Y04KQVFFQkJRQURnZ0dQQURDQ0FZb0NnZ0dCQU5mRWhMZG40UGUyanAyOWVDcXJrSGJ2Y0lKdzBmWUJnQ1kxL3BKeApVcUNES3pLaVBGaGxqQTRUUzBsZ0F2SmhHTUZUS1lWa2NsTUNkY1Yxb09lbUtIMkNWelhnN1hyNjFtOE12NXQ1CmdZbVBNQXJRZFl1Z1BVRlNtY0U5b0pCdCtiN1I4dHJGaVgrYzh1d3p3ZUJwdHJ6YUJxTU1YV0xjYzhncEhwTlcKYXZYZytGYlJQMUp4V1hvTGlKSlZjZjZhREw5ZWR2Z01qSnh4VnBwTjZJWGZ5T3pMbUh5VmRPaXZhQW0rS3Q0awpnQ1NVZy9hbGtoSk1KME9iUjJyRW5iTmhONTBOZEJ4cnowUTN4N3JRM1dmd2lSc2RjV2Q4ZWtzTXJvci9VNzJIClRYazdON2ZMRk51NEI3WWRKMVFUajFQbUU2SWlKRkpkNzkzQWJwNTJtYjBtMTBKK1JKWGJicjlxMk9UQnEyelAKK2hVcUs0NzVNY2FCK3JoMnNpQnRZRVJXN29RSW1rc2RJUHhYR0tsajl0eW50LzlWcnVPaTJVWGFtcm1IdU4yTQphU2VDRmI1UEZTdWNMUU5NV0RSMGhKd1FlSmtocjdtd0ZKYjBTRXVQR096YmszMUhkTnQwYUhTRFdCZGtxcE9kCndnOHJGbnM4anlzY2FXTEk1K0lDTCt3ZjhRSURBUUFCbzBJd1FEQU9CZ05WSFE4QkFmOEVCQU1DQWdRd0R3WUQKVlIwVEFRSC9CQVV3QXdFQi96QWRCZ05WSFE0RUZnUVVJbWVSN2swN3RBUjgvWUUzTDFqeENPc3d2Z3N3RFFZSgpLb1pJaHZjTkFRRUxCUUFEZ2dHQkFBYzREU2JObVN0WEJaMVh6alJCd3Y3ZENoN3ZZK3B2VlVhMmlka2NoME9WCnZXVGR3aTNydUMyaUJWUDZBZWxHSk1keU5GVW4rWEdnNlYrNldrb1EvcVB1aGJjRWZKM3NkVUhrUHdwYkloRisKRWlaL0xselV0K0MrV1VXNjBOOHU0Qkp6TUU2MHYva2VRMG03ZFMveG1JOERzQmxGYzBnWW9wNDF5K0JKWmFDWgpSdFBiTnV4NWdkaGE5YllnZmR4MmdET1A1eW5NZ0JYN0NYYnlFMGRZclJlaGMvMEgzRGczM0U0em1VNDRXOWl6CmI0akp3N0U4NVlncENNYVVFRHpUWmlGek9LNUQwNUFCd2NjZXNYMUZlLzBNYVRKbHlDTy9qeFZUQzVxQitSbUIKOXM2R3lwTmpmWHF3Z21sZm5CWmM0c3dkOWt5cjNzdldxRGFBcS9kcXQrZFZabzhIN08vUFVYR2dDMmF0WU5WeAp1bmZBMW5QWE5raHdPdWhOcVRHeG0zSEtwM0JuZHFpTXhlam4xRHhvWjFSZVFlTFBlU0VZSzBsdUJmdmE3NkZWClcvK0lKcStNaDRaRVpnZ05XRG5FRjJ0WnZFVVJpcGloUVdqWmsrUk9nTU8vZVlVNFA1UnRLRU5xM3A4LzdBT0EKem0zN1VnU0JSTnY2MW9KSEg3ZFlMZz09Ci0tLS0tRU5EIENFUlRJRklDQVRFLS0tLS0K"
              }
            ],
            "master_authorized_networks_config": [],
            "master_version": "1.27.3-gke.100",
            "mesh_certificates": [],
            "min_master_version": null,
            "monitoring_config": [
              {
                "enable_components": [
                  "SYSTEM_COMPONENTS"
                ],
                "managed_prometheus": [
                  {
                    "enabled": true
                  }
                ]
              }
            ],
            "monitoring_service": "monitoring.googleapis.com/kubernetes",
            "name": "main",
            "network": "projects/vit-um/global/networks/default",
            "network_policy": [
              {
                "enabled": false,
                "provider": "PROVIDER_UNSPECIFIED"
              }
            ],
            "networking_mode": "ROUTES",
            "node_config": [
              {
                "boot_disk_kms_key": "",
                "disk_size_gb": 100,
                "disk_type": "pd-balanced",
                "gcfs_config": [],
                "guest_accelerator": [],
                "gvnic": [],
                "image_type": "COS_CONTAINERD",
                "kubelet_config": [],
                "labels": {},
                "linux_node_config": [],
                "local_ssd_count": 0,
                "logging_variant": "DEFAULT",
                "machine_type": "g1-small",
                "metadata": {
                  "disable-legacy-endpoints": "true"
                },
                "min_cpu_platform": "",
                "node_group": "",
                "oauth_scopes": [
                  "https://www.googleapis.com/auth/devstorage.read_only",
                  "https://www.googleapis.com/auth/logging.write",
                  "https://www.googleapis.com/auth/monitoring",
                  "https://www.googleapis.com/auth/service.management.readonly",
                  "https://www.googleapis.com/auth/servicecontrol",
                  "https://www.googleapis.com/auth/trace.append"
                ],
                "preemptible": false,
                "reservation_affinity": [],
                "resource_labels": {},
                "service_account": "default",
                "shielded_instance_config": [
                  {
                    "enable_integrity_monitoring": true,
                    "enable_secure_boot": false
                  }
                ],
                "spot": false,
                "tags": [],
                "taint": [],
                "workload_metadata_config": [
                  {
                    "mode": "GKE_METADATA"
                  }
                ]
              }
            ],
            "node_locations": [],
            "node_pool": [
              {
                "autoscaling": [],
                "initial_node_count": 1,
                "instance_group_urls": [
                  "https://www.googleapis.com/compute/v1/projects/vit-um/zones/us-central1-c/instanceGroupManagers/gke-main-main-372f7824-grp"
                ],
                "managed_instance_group_urls": [
                  "https://www.googleapis.com/compute/v1/projects/vit-um/zones/us-central1-c/instanceGroups/gke-main-main-372f7824-grp"
                ],
                "management": [
                  {
                    "auto_repair": true,
                    "auto_upgrade": true
                  }
                ],
                "max_pods_per_node": 0,
                "name": "main",
                "name_prefix": "",
                "network_config": [
                  {
                    "create_pod_range": false,
                    "enable_private_nodes": false,
                    "pod_ipv4_cidr_block": "",
                    "pod_range": ""
                  }
                ],
                "node_config": [
                  {
                    "boot_disk_kms_key": "",
                    "disk_size_gb": 100,
                    "disk_type": "pd-balanced",
                    "gcfs_config": [],
                    "guest_accelerator": [],
                    "gvnic": [],
                    "image_type": "COS_CONTAINERD",
                    "kubelet_config": [],
                    "labels": {},
                    "linux_node_config": [],
                    "local_ssd_count": 0,
                    "logging_variant": "DEFAULT",
                    "machine_type": "g1-small",
                    "metadata": {
                      "disable-legacy-endpoints": "true"
                    },
                    "min_cpu_platform": "",
                    "node_group": "",
                    "oauth_scopes": [
                      "https://www.googleapis.com/auth/devstorage.read_only",
                      "https://www.googleapis.com/auth/logging.write",
                      "https://www.googleapis.com/auth/monitoring",
                      "https://www.googleapis.com/auth/service.management.readonly",
                      "https://www.googleapis.com/auth/servicecontrol",
                      "https://www.googleapis.com/auth/trace.append"
                    ],
                    "preemptible": false,
                    "reservation_affinity": [],
                    "resource_labels": {},
                    "service_account": "default",
                    "shielded_instance_config": [
                      {
                        "enable_integrity_monitoring": true,
                        "enable_secure_boot": false
                      }
                    ],
                    "spot": false,
                    "tags": [],
                    "taint": [],
                    "workload_metadata_config": [
                      {
                        "mode": "GKE_METADATA"
                      }
                    ]
                  }
                ],
                "node_count": 1,
                "node_locations": [
                  "us-central1-c"
                ],
                "placement_policy": [],
                "upgrade_settings": [
                  {
                    "blue_green_settings": [],
                    "max_surge": 1,
                    "max_unavailable": 0,
                    "strategy": "SURGE"
                  }
                ],
                "version": "1.27.3-gke.100"
              }
            ],
            "node_pool_defaults": [
              {
                "node_config_defaults": [
                  {
                    "logging_variant": "DEFAULT"
                  }
                ]
              }
            ],
            "node_version": "1.27.3-gke.100",
            "notification_config": [
              {
                "pubsub": [
                  {
                    "enabled": false,
                    "filter": [],
                    "topic": ""
                  }
                ]
              }
            ],
            "operation": null,
            "private_cluster_config": [
              {
                "enable_private_endpoint": false,
                "enable_private_nodes": false,
                "master_global_access_config": [
                  {
                    "enabled": false
                  }
                ],
                "master_ipv4_cidr_block": "",
                "peering_name": "",
                "private_endpoint": "10.128.0.19",
                "private_endpoint_subnetwork": "",
                "public_endpoint": "34.173.165.219"
              }
            ],
            "private_ipv6_google_access": "",
            "project": "vit-um",
            "release_channel": [
              {
                "channel": "REGULAR"
              }
            ],
            "remove_default_node_pool": true,
            "resource_labels": {},
            "resource_usage_export_config": [],
            "self_link": "https://container.googleapis.com/v1/projects/vit-um/zones/us-central1-c/clusters/main",
            "service_external_ips_config": [
              {
                "enabled": false
              }
            ],
            "services_ipv4_cidr": "10.3.240.0/20",
            "subnetwork": "projects/vit-um/regions/us-central1/subnetworks/default",
            "timeouts": null,
            "tpu_ipv4_cidr_block": "",
            "vertical_pod_autoscaling": [],
            "workload_identity_config": [
              {
                "workload_pool": "vit-um.svc.id.goog"
              }
            ]
          },
          "sensitive_attributes": [],
          "private": "eyJlMmJmYjczMC1lY2FhLTExZTYtOGY4OC0zNDM2M2JjN2M0YzAiOnsiY3JlYXRlIjoyNDAwMDAwMDAwMDAwLCJkZWxldGUiOjI0MDAwMDAwMDAwMDAsInJlYWQiOjI0MDAwMDAwMDAwMDAsInVwZGF0ZSI6MzYwMDAwMDAwMDAwMH0sInNjaGVtYV92ZXJzaW9uIjoiMSJ9"
        }
      ]
    },
    {
      "module": "module.gke_cluster",
      "mode": "managed",
      "type": "google_container_node_pool",
      "name": "this",
      "provider": "module.gke_cluster.provider[\"registry.terraform.io/hashicorp/google\"]",
      "instances": [
        {
          "schema_version": 1,
          "attributes": {
            "autoscaling": [],
            "cluster": "main",
            "id": "projects/vit-um/locations/us-central1-c/clusters/main/nodePools/main",
            "initial_node_count": 1,
            "instance_group_urls": [
              "https://www.googleapis.com/compute/v1/projects/vit-um/zones/us-central1-c/instanceGroupManagers/gke-main-main-372f7824-grp"
            ],
            "location": "us-central1-c",
            "managed_instance_group_urls": [
              "https://www.googleapis.com/compute/v1/projects/vit-um/zones/us-central1-c/instanceGroups/gke-main-main-372f7824-grp"
            ],
            "management": [
              {
                "auto_repair": true,
                "auto_upgrade": true
              }
            ],
            "max_pods_per_node": null,
            "name": "main",
            "name_prefix": "",
            "network_config": [
              {
                "create_pod_range": false,
                "enable_private_nodes": false,
                "pod_ipv4_cidr_block": "",
                "pod_range": ""
              }
            ],
            "node_config": [
              {
                "boot_disk_kms_key": "",
                "disk_size_gb": 100,
                "disk_type": "pd-balanced",
                "gcfs_config": [],
                "guest_accelerator": [],
                "gvnic": [],
                "image_type": "COS_CONTAINERD",
                "kubelet_config": [],
                "labels": {},
                "linux_node_config": [],
                "local_ssd_count": 0,
                "logging_variant": "DEFAULT",
                "machine_type": "g1-small",
                "metadata": {
                  "disable-legacy-endpoints": "true"
                },
                "min_cpu_platform": "",
                "node_group": "",
                "oauth_scopes": [
                  "https://www.googleapis.com/auth/devstorage.read_only",
                  "https://www.googleapis.com/auth/logging.write",
                  "https://www.googleapis.com/auth/monitoring",
                  "https://www.googleapis.com/auth/service.management.readonly",
                  "https://www.googleapis.com/auth/servicecontrol",
                  "https://www.googleapis.com/auth/trace.append"
                ],
                "preemptible": false,
                "reservation_affinity": [],
                "resource_labels": {},
                "service_account": "default",
                "shielded_instance_config": [
                  {
                    "enable_integrity_monitoring": true,
                    "enable_secure_boot": false
                  }
                ],
                "spot": false,
                "tags": [],
                "taint": [],
                "workload_metadata_config": [
                  {
                    "mode": "GKE_METADATA"
                  }
                ]
              }
            ],
            "node_count": 1,
            "node_locations": [
              "us-central1-c"
            ],
            "operation": null,
            "placement_policy": [],
            "project": "vit-um",
            "timeouts": null,
            "upgrade_settings": [
              {
                "blue_green_settings": [],
                "max_surge": 1,
                "max_unavailable": 0,
                "strategy": "SURGE"
              }
            ],
            "version": "1.27.3-gke.100"
          },
          "sensitive_attributes": [],
          "private": "eyJlMmJmYjczMC1lY2FhLTExZTYtOGY4OC0zNDM2M2JjN2M0YzAiOnsiY3JlYXRlIjoxODAwMDAwMDAwMDAwLCJkZWxldGUiOjE4MDAwMDAwMDAwMDAsInVwZGF0ZSI6MTgwMDAwMDAwMDAwMH0sInNjaGVtYV92ZXJzaW9uIjoiMSJ9",
          "dependencies": [
            "module.gke_cluster.google_container_cluster.this"
          ]
        }
      ]
    },
    {
      "module": "module.gke_cluster",
      "mode": "managed",
      "type": "local_file",
      "name": "kubeconfig",
      "provider": "provider[\"registry.terraform.io/hashicorp/local\"]",
      "instances": [
        {
          "schema_version": 0,
          "attributes": {
            "content": "apiVersion: v1\nclusters:\n- cluster:\n    certificate-authority-data: LS0tLS1CRUdJTiBDRVJUSUZJQ0FURS0tLS0tCk1JSUVMRENDQXBTZ0F3SUJBZ0lRYTZtV0FIaXNsZGtHcSt0NE5NYTN5VEFOQmdrcWhraUc5dzBCQVFzRkFEQXYKTVMwd0t3WURWUVFERXlSak56WmxNR00xTVMxaFpUUTFMVFJpWm1VdFlUWm1PQzAzT1dFNU5UQXpaak5oWkdVdwpJQmNOTWpNeE1qRTNNVGMxTnpJeFdoZ1BNakExTXpFeU1Ea3hPRFUzTWpGYU1DOHhMVEFyQmdOVkJBTVRKR00zCk5tVXdZelV4TFdGbE5EVXROR0ptWlMxaE5tWTRMVGM1WVRrMU1ETm1NMkZrWlRDQ0FhSXdEUVlKS29aSWh2Y04KQVFFQkJRQURnZ0dQQURDQ0FZb0NnZ0dCQU5mRWhMZG40UGUyanAyOWVDcXJrSGJ2Y0lKdzBmWUJnQ1kxL3BKeApVcUNES3pLaVBGaGxqQTRUUzBsZ0F2SmhHTUZUS1lWa2NsTUNkY1Yxb09lbUtIMkNWelhnN1hyNjFtOE12NXQ1CmdZbVBNQXJRZFl1Z1BVRlNtY0U5b0pCdCtiN1I4dHJGaVgrYzh1d3p3ZUJwdHJ6YUJxTU1YV0xjYzhncEhwTlcKYXZYZytGYlJQMUp4V1hvTGlKSlZjZjZhREw5ZWR2Z01qSnh4VnBwTjZJWGZ5T3pMbUh5VmRPaXZhQW0rS3Q0awpnQ1NVZy9hbGtoSk1KME9iUjJyRW5iTmhONTBOZEJ4cnowUTN4N3JRM1dmd2lSc2RjV2Q4ZWtzTXJvci9VNzJIClRYazdON2ZMRk51NEI3WWRKMVFUajFQbUU2SWlKRkpkNzkzQWJwNTJtYjBtMTBKK1JKWGJicjlxMk9UQnEyelAKK2hVcUs0NzVNY2FCK3JoMnNpQnRZRVJXN29RSW1rc2RJUHhYR0tsajl0eW50LzlWcnVPaTJVWGFtcm1IdU4yTQphU2VDRmI1UEZTdWNMUU5NV0RSMGhKd1FlSmtocjdtd0ZKYjBTRXVQR096YmszMUhkTnQwYUhTRFdCZGtxcE9kCndnOHJGbnM4anlzY2FXTEk1K0lDTCt3ZjhRSURBUUFCbzBJd1FEQU9CZ05WSFE4QkFmOEVCQU1DQWdRd0R3WUQKVlIwVEFRSC9CQVV3QXdFQi96QWRCZ05WSFE0RUZnUVVJbWVSN2swN3RBUjgvWUUzTDFqeENPc3d2Z3N3RFFZSgpLb1pJaHZjTkFRRUxCUUFEZ2dHQkFBYzREU2JObVN0WEJaMVh6alJCd3Y3ZENoN3ZZK3B2VlVhMmlka2NoME9WCnZXVGR3aTNydUMyaUJWUDZBZWxHSk1keU5GVW4rWEdnNlYrNldrb1EvcVB1aGJjRWZKM3NkVUhrUHdwYkloRisKRWlaL0xselV0K0MrV1VXNjBOOHU0Qkp6TUU2MHYva2VRMG03ZFMveG1JOERzQmxGYzBnWW9wNDF5K0JKWmFDWgpSdFBiTnV4NWdkaGE5YllnZmR4MmdET1A1eW5NZ0JYN0NYYnlFMGRZclJlaGMvMEgzRGczM0U0em1VNDRXOWl6CmI0akp3N0U4NVlncENNYVVFRHpUWmlGek9LNUQwNUFCd2NjZXNYMUZlLzBNYVRKbHlDTy9qeFZUQzVxQitSbUIKOXM2R3lwTmpmWHF3Z21sZm5CWmM0c3dkOWt5cjNzdldxRGFBcS9kcXQrZFZabzhIN08vUFVYR2dDMmF0WU5WeAp1bmZBMW5QWE5raHdPdWhOcVRHeG0zSEtwM0JuZHFpTXhlam4xRHhvWjFSZVFlTFBlU0VZSzBsdUJmdmE3NkZWClcvK0lKcStNaDRaRVpnZ05XRG5FRjJ0WnZFVVJpcGloUVdqWmsrUk9nTU8vZVlVNFA1UnRLRU5xM3A4LzdBT0EKem0zN1VnU0JSTnY2MW9KSEg3ZFlMZz09Ci0tLS0tRU5EIENFUlRJRklDQVRFLS0tLS0K\n    server: https://34.173.165.219\n  name: main\ncontexts:\n- context:\n    cluster: main\n    user: main\n  name: main\ncurrent-context: main\nkind: Config\npreferences: {}\nusers:\n- name: main\n  user:\n    token: ya29.a0AfB_byD5XBRfwhfkefzmqLVOMVd6T662bpJaatf9ems9oBQKE_2ZskyWxYCZxUSM_JbgxZvDZtPIF8sGWYUzX98Zc_3We62R2t82FPuGujd5lPWDueoJ9TnrImE9FTgM4U3UoIiKj0iHz1seC4KrknHbqFMBVOwCsOpp4sRLg8rpeGNUlcNmrNI6RSAYeKPzM0VqcExRTGYVwClFwxk8CPUBZwzcYqaJA702rty-ug4gLxthgCUljnHOUuki_qzQ3Kg2P_aQKQ_Gypt-gUne1WAiqA3VeEX1P1yRgfzufXL2KR1JTG36a87Fce5o5FAqxglm3OVa5-bxv3b8zhqESO-VEaJcmWKDh3LYQK_uMRiS0njSgpDXm07SDSNtE3cFzHZ2A0AQbJBNQYVA_Y7bWn29zGYQedWoaCgYKAXQSARISFQHGX2Mie0TujnsgnzFHRctS812juA0423\n",
            "content_base64": null,
            "content_base64sha256": "YOsBCOlR+ErHuQfIaucGiu/VVh6FbzZMDrCvfOouCWw=",
            "content_base64sha512": "4u5MC9cQdaQwGiQj1+HvDk0b3IReMXN/3C7RPirz2NoAhPmb8alz1+R21JKgrIpGdf7kBEWUuO7Hg8mwtoI1OQ==",
            "content_md5": "7b0ae6d893872ee0076262646491d920",
            "content_sha1": "ff800d1203edfda25871a125f8280a51945098a3",
            "content_sha256": "60eb0108e951f84ac7b907c86ae7068aefd5561e856f364c0eb0af7cea2e096c",
            "content_sha512": "e2ee4c0bd71075a4301a2423d7e1ef0e4d1bdc845e31737fdc2ed13e2af3d8da0084f99bf1a973d7e476d492a0ac8a4675fee4044594b8eec783c9b0b6823539",
            "directory_permission": "0777",
            "file_permission": "0400",
            "filename": "modules/gke_cluster/kubeconfig",
            "id": "ff800d1203edfda25871a125f8280a51945098a3",
            "sensitive_content": null,
            "source": null
          },
          "sensitive_attributes": [
            [
              {
                "type": "get_attr",
                "value": "content"
              }
            ]
          ],
          "dependencies": [
            "module.gke_cluster.google_container_cluster.this",
            "module.gke_cluster.module.gke_auth.data.google_client_config.provider",
            "module.gke_cluster.module.gke_auth.data.google_container_cluster.gke_cluster"
          ]
        }
      ]
    },
    {
      "module": "module.gke_cluster.module.gke_auth",
      "mode": "data",
      "type": "google_client_config",
      "name": "provider",
      "provider": "module.gke_cluster.provider[\"registry.terraform.io/hashicorp/google\"]",
      "instances": [
        {
          "schema_version": 0,
          "attributes": {
            "access_token": "ya29.a0AfB_byD5XBRfwhfkefzmqLVOMVd6T662bpJaatf9ems9oBQKE_2ZskyWxYCZxUSM_JbgxZvDZtPIF8sGWYUzX98Zc_3We62R2t82FPuGujd5lPWDueoJ9TnrImE9FTgM4U3UoIiKj0iHz1seC4KrknHbqFMBVOwCsOpp4sRLg8rpeGNUlcNmrNI6RSAYeKPzM0VqcExRTGYVwClFwxk8CPUBZwzcYqaJA702rty-ug4gLxthgCUljnHOUuki_qzQ3Kg2P_aQKQ_Gypt-gUne1WAiqA3VeEX1P1yRgfzufXL2KR1JTG36a87Fce5o5FAqxglm3OVa5-bxv3b8zhqESO-VEaJcmWKDh3LYQK_uMRiS0njSgpDXm07SDSNtE3cFzHZ2A0AQbJBNQYVA_Y7bWn29zGYQedWoaCgYKAXQSARISFQHGX2Mie0TujnsgnzFHRctS812juA0423",
            "id": "projects/vit-um/regions/us-central1-c/zones/",
            "project": "vit-um",
            "region": "us-central1-c",
            "zone": ""
          },
          "sensitive_attributes": []
        }
      ]
    },
    {
      "module": "module.gke_cluster.module.gke_auth",
      "mode": "data",
      "type": "google_container_cluster",
      "name": "gke_cluster",
      "provider": "module.gke_cluster.provider[\"registry.terraform.io/hashicorp/google\"]",
      "instances": [
        {
          "schema_version": 0,
          "attributes": {
            "addons_config": [
              {
                "cloudrun_config": [],
                "config_connector_config": [],
                "dns_cache_config": [],
                "gce_persistent_disk_csi_driver_config": [
                  {
                    "enabled": true
                  }
                ],
                "gcp_filestore_csi_driver_config": [],
                "gke_backup_agent_config": [],
                "horizontal_pod_autoscaling": [],
                "http_load_balancing": [],
                "network_policy_config": [
                  {
                    "disabled": true
                  }
                ]
              }
            ],
            "authenticator_groups_config": [],
            "binary_authorization": [
              {
                "enabled": false,
                "evaluation_mode": ""
              }
            ],
            "cluster_autoscaling": [
              {
                "auto_provisioning_defaults": [],
                "enabled": false,
                "resource_limits": []
              }
            ],
            "cluster_ipv4_cidr": "10.0.0.0/14",
            "confidential_nodes": [],
            "cost_management_config": [],
            "database_encryption": [
              {
                "key_name": "",
                "state": "DECRYPTED"
              }
            ],
            "datapath_provider": "",
            "default_max_pods_per_node": null,
            "default_snat_status": [
              {
                "disabled": false
              }
            ],
            "description": "",
            "dns_config": [],
            "enable_autopilot": false,
            "enable_binary_authorization": false,
            "enable_intranode_visibility": false,
            "enable_kubernetes_alpha": false,
            "enable_l4_ilb_subsetting": false,
            "enable_legacy_abac": false,
            "enable_shielded_nodes": true,
            "enable_tpu": false,
            "endpoint": "34.173.165.219",
            "gateway_api_config": [],
            "id": "projects/vit-um/locations/us-central1-c/clusters/main",
            "initial_node_count": 1,
            "ip_allocation_policy": [],
            "label_fingerprint": "a9dc16a7",
            "location": "us-central1-c",
            "logging_config": [
              {
                "enable_components": [
                  "SYSTEM_COMPONENTS",
                  "WORKLOADS"
                ]
              }
            ],
            "logging_service": "logging.googleapis.com/kubernetes",
            "maintenance_policy": [],
            "master_auth": [
              {
                "client_certificate": "",
                "client_certificate_config": [
                  {
                    "issue_client_certificate": false
                  }
                ],
                "client_key": "",
                "cluster_ca_certificate": "LS0tLS1CRUdJTiBDRVJUSUZJQ0FURS0tLS0tCk1JSUVMRENDQXBTZ0F3SUJBZ0lRYTZtV0FIaXNsZGtHcSt0NE5NYTN5VEFOQmdrcWhraUc5dzBCQVFzRkFEQXYKTVMwd0t3WURWUVFERXlSak56WmxNR00xTVMxaFpUUTFMVFJpWm1VdFlUWm1PQzAzT1dFNU5UQXpaak5oWkdVdwpJQmNOTWpNeE1qRTNNVGMxTnpJeFdoZ1BNakExTXpFeU1Ea3hPRFUzTWpGYU1DOHhMVEFyQmdOVkJBTVRKR00zCk5tVXdZelV4TFdGbE5EVXROR0ptWlMxaE5tWTRMVGM1WVRrMU1ETm1NMkZrWlRDQ0FhSXdEUVlKS29aSWh2Y04KQVFFQkJRQURnZ0dQQURDQ0FZb0NnZ0dCQU5mRWhMZG40UGUyanAyOWVDcXJrSGJ2Y0lKdzBmWUJnQ1kxL3BKeApVcUNES3pLaVBGaGxqQTRUUzBsZ0F2SmhHTUZUS1lWa2NsTUNkY1Yxb09lbUtIMkNWelhnN1hyNjFtOE12NXQ1CmdZbVBNQXJRZFl1Z1BVRlNtY0U5b0pCdCtiN1I4dHJGaVgrYzh1d3p3ZUJwdHJ6YUJxTU1YV0xjYzhncEhwTlcKYXZYZytGYlJQMUp4V1hvTGlKSlZjZjZhREw5ZWR2Z01qSnh4VnBwTjZJWGZ5T3pMbUh5VmRPaXZhQW0rS3Q0awpnQ1NVZy9hbGtoSk1KME9iUjJyRW5iTmhONTBOZEJ4cnowUTN4N3JRM1dmd2lSc2RjV2Q4ZWtzTXJvci9VNzJIClRYazdON2ZMRk51NEI3WWRKMVFUajFQbUU2SWlKRkpkNzkzQWJwNTJtYjBtMTBKK1JKWGJicjlxMk9UQnEyelAKK2hVcUs0NzVNY2FCK3JoMnNpQnRZRVJXN29RSW1rc2RJUHhYR0tsajl0eW50LzlWcnVPaTJVWGFtcm1IdU4yTQphU2VDRmI1UEZTdWNMUU5NV0RSMGhKd1FlSmtocjdtd0ZKYjBTRXVQR096YmszMUhkTnQwYUhTRFdCZGtxcE9kCndnOHJGbnM4anlzY2FXTEk1K0lDTCt3ZjhRSURBUUFCbzBJd1FEQU9CZ05WSFE4QkFmOEVCQU1DQWdRd0R3WUQKVlIwVEFRSC9CQVV3QXdFQi96QWRCZ05WSFE0RUZnUVVJbWVSN2swN3RBUjgvWUUzTDFqeENPc3d2Z3N3RFFZSgpLb1pJaHZjTkFRRUxCUUFEZ2dHQkFBYzREU2JObVN0WEJaMVh6alJCd3Y3ZENoN3ZZK3B2VlVhMmlka2NoME9WCnZXVGR3aTNydUMyaUJWUDZBZWxHSk1keU5GVW4rWEdnNlYrNldrb1EvcVB1aGJjRWZKM3NkVUhrUHdwYkloRisKRWlaL0xselV0K0MrV1VXNjBOOHU0Qkp6TUU2MHYva2VRMG03ZFMveG1JOERzQmxGYzBnWW9wNDF5K0JKWmFDWgpSdFBiTnV4NWdkaGE5YllnZmR4MmdET1A1eW5NZ0JYN0NYYnlFMGRZclJlaGMvMEgzRGczM0U0em1VNDRXOWl6CmI0akp3N0U4NVlncENNYVVFRHpUWmlGek9LNUQwNUFCd2NjZXNYMUZlLzBNYVRKbHlDTy9qeFZUQzVxQitSbUIKOXM2R3lwTmpmWHF3Z21sZm5CWmM0c3dkOWt5cjNzdldxRGFBcS9kcXQrZFZabzhIN08vUFVYR2dDMmF0WU5WeAp1bmZBMW5QWE5raHdPdWhOcVRHeG0zSEtwM0JuZHFpTXhlam4xRHhvWjFSZVFlTFBlU0VZSzBsdUJmdmE3NkZWClcvK0lKcStNaDRaRVpnZ05XRG5FRjJ0WnZFVVJpcGloUVdqWmsrUk9nTU8vZVlVNFA1UnRLRU5xM3A4LzdBT0EKem0zN1VnU0JSTnY2MW9KSEg3ZFlMZz09Ci0tLS0tRU5EIENFUlRJRklDQVRFLS0tLS0K"
              }
            ],
            "master_authorized_networks_config": [],
            "master_version": "1.27.3-gke.100",
            "mesh_certificates": [],
            "min_master_version": null,
            "monitoring_config": [
              {
                "enable_components": [
                  "SYSTEM_COMPONENTS"
                ],
                "managed_prometheus": [
                  {
                    "enabled": true
                  }
                ]
              }
            ],
            "monitoring_service": "monitoring.googleapis.com/kubernetes",
            "name": "main",
            "network": "projects/vit-um/global/networks/default",
            "network_policy": [
              {
                "enabled": false,
                "provider": "PROVIDER_UNSPECIFIED"
              }
            ],
            "networking_mode": "ROUTES",
            "node_config": [
              {
                "boot_disk_kms_key": "",
                "disk_size_gb": 100,
                "disk_type": "pd-balanced",
                "gcfs_config": [],
                "guest_accelerator": [],
                "gvnic": [],
                "image_type": "COS_CONTAINERD",
                "kubelet_config": [],
                "labels": {},
                "linux_node_config": [],
                "local_ssd_count": 0,
                "logging_variant": "DEFAULT",
                "machine_type": "g1-small",
                "metadata": {
                  "disable-legacy-endpoints": "true"
                },
                "min_cpu_platform": "",
                "node_group": "",
                "oauth_scopes": [
                  "https://www.googleapis.com/auth/devstorage.read_only",
                  "https://www.googleapis.com/auth/logging.write",
                  "https://www.googleapis.com/auth/monitoring",
                  "https://www.googleapis.com/auth/service.management.readonly",
                  "https://www.googleapis.com/auth/servicecontrol",
                  "https://www.googleapis.com/auth/trace.append"
                ],
                "preemptible": false,
                "reservation_affinity": [],
                "resource_labels": {},
                "service_account": "default",
                "shielded_instance_config": [
                  {
                    "enable_integrity_monitoring": true,
                    "enable_secure_boot": false
                  }
                ],
                "spot": false,
                "tags": [],
                "taint": [],
                "workload_metadata_config": [
                  {
                    "mode": "GKE_METADATA"
                  }
                ]
              }
            ],
            "node_locations": [],
            "node_pool": [
              {
                "autoscaling": [],
                "initial_node_count": 1,
                "instance_group_urls": [
                  "https://www.googleapis.com/compute/v1/projects/vit-um/zones/us-central1-c/instanceGroupManagers/gke-main-main-372f7824-grp"
                ],
                "managed_instance_group_urls": [
                  "https://www.googleapis.com/compute/v1/projects/vit-um/zones/us-central1-c/instanceGroups/gke-main-main-372f7824-grp"
                ],
                "management": [
                  {
                    "auto_repair": true,
                    "auto_upgrade": true
                  }
                ],
                "max_pods_per_node": 0,
                "name": "main",
                "name_prefix": "",
                "network_config": [
                  {
                    "create_pod_range": false,
                    "enable_private_nodes": false,
                    "pod_ipv4_cidr_block": "",
                    "pod_range": ""
                  }
                ],
                "node_config": [
                  {
                    "boot_disk_kms_key": "",
                    "disk_size_gb": 100,
                    "disk_type": "pd-balanced",
                    "gcfs_config": [],
                    "guest_accelerator": [],
                    "gvnic": [],
                    "image_type": "COS_CONTAINERD",
                    "kubelet_config": [],
                    "labels": {},
                    "linux_node_config": [],
                    "local_ssd_count": 0,
                    "logging_variant": "DEFAULT",
                    "machine_type": "g1-small",
                    "metadata": {
                      "disable-legacy-endpoints": "true"
                    },
                    "min_cpu_platform": "",
                    "node_group": "",
                    "oauth_scopes": [
                      "https://www.googleapis.com/auth/devstorage.read_only",
                      "https://www.googleapis.com/auth/logging.write",
                      "https://www.googleapis.com/auth/monitoring",
                      "https://www.googleapis.com/auth/service.management.readonly",
                      "https://www.googleapis.com/auth/servicecontrol",
                      "https://www.googleapis.com/auth/trace.append"
                    ],
                    "preemptible": false,
                    "reservation_affinity": [],
                    "resource_labels": {},
                    "service_account": "default",
                    "shielded_instance_config": [
                      {
                        "enable_integrity_monitoring": true,
                        "enable_secure_boot": false
                      }
                    ],
                    "spot": false,
                    "tags": [],
                    "taint": [],
                    "workload_metadata_config": [
                      {
                        "mode": "GKE_METADATA"
                      }
                    ]
                  }
                ],
                "node_count": 1,
                "node_locations": [
                  "us-central1-c"
                ],
                "placement_policy": [],
                "upgrade_settings": [
                  {
                    "blue_green_settings": [],
                    "max_surge": 1,
                    "max_unavailable": 0,
                    "strategy": "SURGE"
                  }
                ],
                "version": "1.27.3-gke.100"
              }
            ],
            "node_pool_defaults": [
              {
                "node_config_defaults": [
                  {
                    "logging_variant": "DEFAULT"
                  }
                ]
              }
            ],
            "node_version": "1.27.3-gke.100",
            "notification_config": [
              {
                "pubsub": [
                  {
                    "enabled": false,
                    "filter": [],
                    "topic": ""
                  }
                ]
              }
            ],
            "operation": null,
            "private_cluster_config": [
              {
                "enable_private_endpoint": false,
                "enable_private_nodes": false,
                "master_global_access_config": [
                  {
                    "enabled": false
                  }
                ],
                "master_ipv4_cidr_block": "",
                "peering_name": "",
                "private_endpoint": "10.128.0.19",
                "private_endpoint_subnetwork": "",
                "public_endpoint": "34.173.165.219"
              }
            ],
            "private_ipv6_google_access": "",
            "project": "vit-um",
            "release_channel": [
              {
                "channel": "REGULAR"
              }
            ],
            "remove_default_node_pool": null,
            "resource_labels": {},
            "resource_usage_export_config": [],
            "self_link": "https://container.googleapis.com/v1/projects/vit-um/zones/us-central1-c/clusters/main",
            "service_external_ips_config": [
              {
                "enabled": false
              }
            ],
            "services_ipv4_cidr": "10.3.240.0/20",
            "subnetwork": "projects/vit-um/regions/us-central1/subnetworks/default",
            "tpu_ipv4_cidr_block": "",
            "vertical_pod_autoscaling": [],
            "workload_identity_config": [
              {
                "workload_pool": "vit-um.svc.id.goog"
              }
            ]
          },
          "sensitive_attributes": []
        }
      ]
    },
    {
      "module": "module.tls_private_key",
      "mode": "managed",
      "type": "tls_private_key",
      "name": "this",
      "provider": "provider[\"registry.terraform.io/hashicorp/tls\"]",
      "instances": [
        {
          "schema_version": 1,
          "attributes": {
            "algorithm": "RSA",
            "ecdsa_curve": "P256",
            "id": "7e9b92204f910394680c4cfa0835c5048b034aea",
            "private_key_openssh": "-----BEGIN OPENSSH PRIVATE KEY-----\nb3BlbnNzaC1rZXktdjEAAAAABG5vbmUAAAAEbm9uZQAAAAAAAAABAAABFwAAAAdz\nc2gtcnNhAAAAAwEAAQAAAQEA3S3NaVCe1fbQkc1LS7jfcHuhwHyQb11c43khoXEb\nWaaG1VMfndrD51hX4zPzwrs9BE36oBLiFe9tBFfYNk5YLxqHLTPohIt1T5j9T63B\nzko097I439Ppl3xjWRplo672O4hVlzpdbbni0jMsXjUlGiS3EpV5RdaBmnPtmD+D\nQs6K4/I3mRYQkscREWoC1RCP98aN/4QMkZ+acOXKa36yHQ1M1dC1AjnLs0baWAXg\ngDa2TA7djNogIivBfV9Ml2urJ9hwxyp0zhc0GmZceWmlMRA2USJeom5bOxXCmUZd\nvpe58hrOcEQf5IjQg0e/cTe5go/B3hbZDKtYvRbzOZgHpQAAA7had00YWndNGAAA\nAAdzc2gtcnNhAAABAQDdLc1pUJ7V9tCRzUtLuN9we6HAfJBvXVzjeSGhcRtZpobV\nUx+d2sPnWFfjM/PCuz0ETfqgEuIV720EV9g2TlgvGoctM+iEi3VPmP1PrcHOSjT3\nsjjf0+mXfGNZGmWjrvY7iFWXOl1tueLSMyxeNSUaJLcSlXlF1oGac+2YP4NCzorj\n8jeZFhCSxxERagLVEI/3xo3/hAyRn5pw5cprfrIdDUzV0LUCOcuzRtpYBeCANrZM\nDt2M2iAiK8F9X0yXa6sn2HDHKnTOFzQaZlx5aaUxEDZRIl6ibls7FcKZRl2+l7ny\nGs5wRB/kiNCDR79xN7mCj8HeFtkMq1i9FvM5mAelAAAAAwEAAQAAAQAqGtoLvmk+\nWioCV46J77u5cg+s0Qm96YwRUbHxRdLrEiSA374ZEthQZiT0/6Lb40EOXLnlVzLq\n8hVSylZCoE9xSB+Ln2IYOWQvrvQqAu3uE3pZ3PeuxGynhepzv+6xZlFBrAZ/L4Ex\nrj1bvponpP5XJ74iL4pSnS828/K7FPwr70MvNi7uy9LjJcFla0vjSrUp5Vhdv+7d\nIgP5XQfTPlyS2d9k/awC6Qbef4lZN4fJy5rLDEL0LJSJjS/lcQuXXyg/xdpC+qAS\nGhl557WcXaO+D2lUhTjBmkYyXcngI7LWcxIGxewFe67pCidJHuoEixuWOM0Gv1MF\njK6BaJ4Ykn2BAAAAgBu4LDpU+nYVOH4d6gV+p56YjOKGb1yJ0hNdJ53FRXpuTNCJ\nHfoCm9TToavRxHR7knJS+gkBtqgBKx8rF9bWhv1S9Oze29p7KnJSiHoXTlPFJhFd\nco+yhuoHETzrykIdbY5oWHqwKIyEJ84jx+ZddiPs3w7c+Y7CwW5cPZqUQMIQAAAA\ngQDrf7WM1PWd4eNAXJ/bMc3GQb2U71ldcFEe/KJbz4D7xl1UA5GGSV2VThan1sWk\nFuPEr/gTBypCSiTxLW6PWEdhvKgtsEr+bHpYP7uTg/2pdcSajVzupz9ioK2zcbze\nLcMKr6bHauJl1sqcXEpxYlMzowi+rcWSejOFT6HPA4LSuQAAAIEA8G72CUyltRzk\nDOLSK+9LJodIC02N/ELbtw4jZb1FCpuAExwDPswgi+4LWPvbV41JVCFnBZvwh3RZ\nWqQh9vBKde09BkC22oBD5TX+wqMdBcBRxttbcvXJR/WDTdJ48IrhzqhQBSU74YSm\nzhALcJ+8jGl96tIq07pIIz8FCJvY1k0AAAAAAQID\n-----END OPENSSH PRIVATE KEY-----\n",
            "private_key_pem": "-----BEGIN RSA PRIVATE KEY-----\nMIIEogIBAAKCAQEA3S3NaVCe1fbQkc1LS7jfcHuhwHyQb11c43khoXEbWaaG1VMf\nndrD51hX4zPzwrs9BE36oBLiFe9tBFfYNk5YLxqHLTPohIt1T5j9T63Bzko097I4\n39Ppl3xjWRplo672O4hVlzpdbbni0jMsXjUlGiS3EpV5RdaBmnPtmD+DQs6K4/I3\nmRYQkscREWoC1RCP98aN/4QMkZ+acOXKa36yHQ1M1dC1AjnLs0baWAXggDa2TA7d\njNogIivBfV9Ml2urJ9hwxyp0zhc0GmZceWmlMRA2USJeom5bOxXCmUZdvpe58hrO\ncEQf5IjQg0e/cTe5go/B3hbZDKtYvRbzOZgHpQIDAQABAoIBACoa2gu+aT5aKgJX\njonvu7lyD6zRCb3pjBFRsfFF0usSJIDfvhkS2FBmJPT/otvjQQ5cueVXMuryFVLK\nVkKgT3FIH4ufYhg5ZC+u9CoC7e4Telnc967EbKeF6nO/7rFmUUGsBn8vgTGuPVu+\nmiek/lcnviIvilKdLzbz8rsU/CvvQy82Lu7L0uMlwWVrS+NKtSnlWF2/7t0iA/ld\nB9M+XJLZ32T9rALpBt5/iVk3h8nLmssMQvQslImNL+VxC5dfKD/F2kL6oBIaGXnn\ntZxdo74PaVSFOMGaRjJdyeAjstZzEgbF7AV7rukKJ0ke6gSLG5Y4zQa/UwWMroFo\nnhiSfYECgYEA63+1jNT1neHjQFyf2zHNxkG9lO9ZXXBRHvyiW8+A+8ZdVAORhkld\nlU4Wp9bFpBbjxK/4EwcqQkok8S1uj1hHYbyoLbBK/mx6WD+7k4P9qXXEmo1c7qc/\nYqCts3G83i3DCq+mx2riZdbKnFxKcWJTM6MIvq3FknozhU+hzwOC0rkCgYEA8G72\nCUyltRzkDOLSK+9LJodIC02N/ELbtw4jZb1FCpuAExwDPswgi+4LWPvbV41JVCFn\nBZvwh3RZWqQh9vBKde09BkC22oBD5TX+wqMdBcBRxttbcvXJR/WDTdJ48IrhzqhQ\nBSU74YSmzhALcJ+8jGl96tIq07pIIz8FCJvY1k0CgYBYbBAfu8opKKpp/R0scQvB\nN+fV5vSX59cdml/ftw7H+hgKtnhKgnt31uUcycBVtx54OFYd1t/gGfS69YMAoXXT\n1cETvpC57MMXJX7piXKR0R0rpo5RMUzUXF479SWkCmykM4WcdJ5i/H4ArYpp/jAd\nQEbFSXvYXre/g0HO95OESQKBgDhn38K4v5toxrubLvFttzS3whgcvrWyvbcJUxaY\nO61MY9SX2s8Ntoj9dJ4QoBm/JLffCjtPpTMyAZB5NxqmruFRoeJopj1GoCcS7syc\n1b82qji71411yh3epEpKmWLdQjJoXDWI0a6Ln1JygyyN3P8X9Jl1auS3LBtQuo6V\neV51AoGAG7gsOlT6dhU4fh3qBX6nnpiM4oZvXInSE10nncVFem5M0Ikd+gKb1NOh\nq9HEdHuSclL6CQG2qAErHysX1taG/VL07N7b2nsqclKIehdOU8UmEV1yj7KG6gcR\nPOvKQh1tjmhYerAojIQnziPH5l12I+zfDtz5jsLBblw9mpRAwhA=\n-----END RSA PRIVATE KEY-----\n",
            "private_key_pem_pkcs8": "-----BEGIN PRIVATE KEY-----\nMIIEvAIBADANBgkqhkiG9w0BAQEFAASCBKYwggSiAgEAAoIBAQDdLc1pUJ7V9tCR\nzUtLuN9we6HAfJBvXVzjeSGhcRtZpobVUx+d2sPnWFfjM/PCuz0ETfqgEuIV720E\nV9g2TlgvGoctM+iEi3VPmP1PrcHOSjT3sjjf0+mXfGNZGmWjrvY7iFWXOl1tueLS\nMyxeNSUaJLcSlXlF1oGac+2YP4NCzorj8jeZFhCSxxERagLVEI/3xo3/hAyRn5pw\n5cprfrIdDUzV0LUCOcuzRtpYBeCANrZMDt2M2iAiK8F9X0yXa6sn2HDHKnTOFzQa\nZlx5aaUxEDZRIl6ibls7FcKZRl2+l7nyGs5wRB/kiNCDR79xN7mCj8HeFtkMq1i9\nFvM5mAelAgMBAAECggEAKhraC75pPloqAleOie+7uXIPrNEJvemMEVGx8UXS6xIk\ngN++GRLYUGYk9P+i2+NBDly55Vcy6vIVUspWQqBPcUgfi59iGDlkL670KgLt7hN6\nWdz3rsRsp4Xqc7/usWZRQawGfy+BMa49W76aJ6T+Vye+Ii+KUp0vNvPyuxT8K+9D\nLzYu7svS4yXBZWtL40q1KeVYXb/u3SID+V0H0z5cktnfZP2sAukG3n+JWTeHycua\nywxC9CyUiY0v5XELl18oP8XaQvqgEhoZeee1nF2jvg9pVIU4wZpGMl3J4COy1nMS\nBsXsBXuu6QonSR7qBIsbljjNBr9TBYyugWieGJJ9gQKBgQDrf7WM1PWd4eNAXJ/b\nMc3GQb2U71ldcFEe/KJbz4D7xl1UA5GGSV2VThan1sWkFuPEr/gTBypCSiTxLW6P\nWEdhvKgtsEr+bHpYP7uTg/2pdcSajVzupz9ioK2zcbzeLcMKr6bHauJl1sqcXEpx\nYlMzowi+rcWSejOFT6HPA4LSuQKBgQDwbvYJTKW1HOQM4tIr70smh0gLTY38Qtu3\nDiNlvUUKm4ATHAM+zCCL7gtY+9tXjUlUIWcFm/CHdFlapCH28Ep17T0GQLbagEPl\nNf7Cox0FwFHG21ty9clH9YNN0njwiuHOqFAFJTvhhKbOEAtwn7yMaX3q0irTukgj\nPwUIm9jWTQKBgFhsEB+7yikoqmn9HSxxC8E359Xm9Jfn1x2aX9+3Dsf6GAq2eEqC\ne3fW5RzJwFW3Hng4Vh3W3+AZ9Lr1gwChddPVwRO+kLnswxclfumJcpHRHSumjlEx\nTNRcXjv1JaQKbKQzhZx0nmL8fgCtimn+MB1ARsVJe9het7+DQc73k4RJAoGAOGff\nwri/m2jGu5su8W23NLfCGBy+tbK9twlTFpg7rUxj1Jfazw22iP10nhCgGb8kt98K\nO0+lMzIBkHk3Gqau4VGh4mimPUagJxLuzJzVvzaqOLvXjXXKHd6kSkqZYt1CMmhc\nNYjRroufUnKDLI3c/xf0mXVq5LcsG1C6jpV5XnUCgYAbuCw6VPp2FTh+HeoFfqee\nmIzihm9cidITXSedxUV6bkzQiR36ApvU06Gr0cR0e5JyUvoJAbaoASsfKxfW1ob9\nUvTs3tvaeypyUoh6F05TxSYRXXKPsobqBxE868pCHW2OaFh6sCiMhCfOI8fmXXYj\n7N8O3PmOwsFuXD2alEDCEA==\n-----END PRIVATE KEY-----\n",
            "public_key_fingerprint_md5": "2c:87:68:70:85:20:ad:df:40:a2:28:d6:11:47:e0:46",
            "public_key_fingerprint_sha256": "SHA256:LS8lKqzG4TByNRUSrVOaBOZ6WA0TVpvUJEGrYPZYrOk",
            "public_key_openssh": "ssh-rsa AAAAB3NzaC1yc2EAAAADAQABAAABAQDdLc1pUJ7V9tCRzUtLuN9we6HAfJBvXVzjeSGhcRtZpobVUx+d2sPnWFfjM/PCuz0ETfqgEuIV720EV9g2TlgvGoctM+iEi3VPmP1PrcHOSjT3sjjf0+mXfGNZGmWjrvY7iFWXOl1tueLSMyxeNSUaJLcSlXlF1oGac+2YP4NCzorj8jeZFhCSxxERagLVEI/3xo3/hAyRn5pw5cprfrIdDUzV0LUCOcuzRtpYBeCANrZMDt2M2iAiK8F9X0yXa6sn2HDHKnTOFzQaZlx5aaUxEDZRIl6ibls7FcKZRl2+l7nyGs5wRB/kiNCDR79xN7mCj8HeFtkMq1i9FvM5mAel\n",
            "public_key_pem": "-----BEGIN PUBLIC KEY-----\nMIIBIjANBgkqhkiG9w0BAQEFAAOCAQ8AMIIBCgKCAQEA3S3NaVCe1fbQkc1LS7jf\ncHuhwHyQb11c43khoXEbWaaG1VMfndrD51hX4zPzwrs9BE36oBLiFe9tBFfYNk5Y\nLxqHLTPohIt1T5j9T63Bzko097I439Ppl3xjWRplo672O4hVlzpdbbni0jMsXjUl\nGiS3EpV5RdaBmnPtmD+DQs6K4/I3mRYQkscREWoC1RCP98aN/4QMkZ+acOXKa36y\nHQ1M1dC1AjnLs0baWAXggDa2TA7djNogIivBfV9Ml2urJ9hwxyp0zhc0GmZceWml\nMRA2USJeom5bOxXCmUZdvpe58hrOcEQf5IjQg0e/cTe5go/B3hbZDKtYvRbzOZgH\npQIDAQAB\n-----END PUBLIC KEY-----\n",
            "rsa_bits": 2048
          },
          "sensitive_attributes": []
        }
      ]
    }
  ],
  "check_results": null
}
